
Microsoft Visual Studio Solution File, Format Version 12.00
# Visual Studio Version 17
VisualStudioVersion = 17.8.34525.116
MinimumVisualStudioVersion = 10.0.40219.1
Project("{FAE04EC0-301F-11D3-BF4B-00C04F79EFBC}") = "C# Training", "C# Training\C# Training.csproj", "{06F1870C-FFE2-4178-889B-074D4355821E}"
EndProject
Global
	GlobalSection(SolutionConfigurationPlatforms) = preSolution
		Debug|Any CPU = Debug|Any CPU
		Release|Any CPU = Release|Any CPU
	EndGlobalSection
	GlobalSection(ProjectConfigurationPlatforms) = postSolution
		{06F1870C-FFE2-4178-889B-074D4355821E}.Debug|Any CPU.ActiveCfg = Debug|Any CPU
		{06F1870C-FFE2-4178-889B-074D4355821E}.Debug|Any CPU.Build.0 = Debug|Any CPU
		{06F1870C-FFE2-4178-889B-074D4355821E}.Release|Any CPU.ActiveCfg = Release|Any CPU
		{06F1870C-FFE2-4178-889B-074D4355821E}.Release|Any CPU.Build.0 = Release|Any CPU
	EndGlobalSection
	GlobalSection(SolutionProperties) = preSolution
		HideSolutionNode = FALSE
	EndGlobalSection
	GlobalSection(ExtensibilityGlobals) = postSolution
		SolutionGuid = {7675E822-850A-442A-BA46-2DCE69ED4FC1}
	EndGlobalSection
EndGlobal
